
Microsoft Visual Studio Solution File, Format Version 12.00
# Visual Studio Version 16
VisualStudioVersion = 16.0.30711.63
MinimumVisualStudioVersion = 10.0.40219.1
Project("{FAE04EC0-301F-11D3-BF4B-00C04F79EFBC}") = "ProductApi", "ProductApi\ProductApi.csproj", "{9A45CF6A-E86F-4543-AD5A-97C49ACC2955}"
EndProject
Global
	GlobalSection(SolutionConfigurationPlatforms) = preSolution
		Debug|Any CPU = Debug|Any CPU
		Release|Any CPU = Release|Any CPU
	EndGlobalSection
	GlobalSection(ProjectConfigurationPlatforms) = postSolution
		{9A45CF6A-E86F-4543-AD5A-97C49ACC2955}.Debug|Any CPU.ActiveCfg = Debug|Any CPU
		{9A45CF6A-E86F-4543-AD5A-97C49ACC2955}.Debug|Any CPU.Build.0 = Debug|Any CPU
		{9A45CF6A-E86F-4543-AD5A-97C49ACC2955}.Release|Any CPU.ActiveCfg = Release|Any CPU
		{9A45CF6A-E86F-4543-AD5A-97C49ACC2955}.Release|Any CPU.Build.0 = Release|Any CPU
	EndGlobalSection
	GlobalSection(SolutionProperties) = preSolution
		HideSolutionNode = FALSE
	EndGlobalSection
	GlobalSection(ExtensibilityGlobals) = postSolution
		SolutionGuid = {978B8B42-80A3-4C79-841D-3C3098C976A2}
	EndGlobalSection
EndGlobal
